// !$*UTF8*$!
{
	archiveVersion = 1;
	classes = {
	};
	objectVersion = 55;
	objects = {

/* Begin PBXBuildFile section */
		651E943D7C6E9C1497CBB32A /* Pods_LearnRxSwiftAppTests.framework in Frameworks */ = {isa = PBXBuildFile; fileRef = 8322EC9BD9A8F6613840BD9B /* Pods_LearnRxSwiftAppTests.framework */; };
		8601F3D5332FCD3A490DAC08 /* Pods_LearnRxSwiftApp_LearnRxSwiftAppUITests.framework in Frameworks */ = {isa = PBXBuildFile; fileRef = 94609CC37721649C128BA648 /* Pods_LearnRxSwiftApp_LearnRxSwiftAppUITests.framework */; };
		8C1004B928368AE6005B595E /* AppDelegate.swift in Sources */ = {isa = PBXBuildFile; fileRef = 8C1004B828368AE6005B595E /* AppDelegate.swift */; };
		8C1004BB28368AE6005B595E /* SceneDelegate.swift in Sources */ = {isa = PBXBuildFile; fileRef = 8C1004BA28368AE6005B595E /* SceneDelegate.swift */; };
		8C1004BD28368AE6005B595E /* ViewController.swift in Sources */ = {isa = PBXBuildFile; fileRef = 8C1004BC28368AE6005B595E /* ViewController.swift */; };
		8C1004C028368AE6005B595E /* Main.storyboard in Resources */ = {isa = PBXBuildFile; fileRef = 8C1004BE28368AE6005B595E /* Main.storyboard */; };
		8C1004C328368AE6005B595E /* LearnRxSwiftApp.xcdatamodeld in Sources */ = {isa = PBXBuildFile; fileRef = 8C1004C128368AE6005B595E /* LearnRxSwiftApp.xcdatamodeld */; };
		8C1004C528368AE8005B595E /* Assets.xcassets in Resources */ = {isa = PBXBuildFile; fileRef = 8C1004C428368AE8005B595E /* Assets.xcassets */; };
		8C1004C828368AE8005B595E /* LaunchScreen.storyboard in Resources */ = {isa = PBXBuildFile; fileRef = 8C1004C628368AE8005B595E /* LaunchScreen.storyboard */; };
		8C1004D328368AE8005B595E /* LearnRxSwiftAppTests.swift in Sources */ = {isa = PBXBuildFile; fileRef = 8C1004D228368AE8005B595E /* LearnRxSwiftAppTests.swift */; };
		8C1004DD28368AE8005B595E /* LearnRxSwiftAppUITests.swift in Sources */ = {isa = PBXBuildFile; fileRef = 8C1004DC28368AE8005B595E /* LearnRxSwiftAppUITests.swift */; };
		8C1004DF28368AE8005B595E /* LearnRxSwiftAppUITestsLaunchTests.swift in Sources */ = {isa = PBXBuildFile; fileRef = 8C1004DE28368AE8005B595E /* LearnRxSwiftAppUITestsLaunchTests.swift */; };
		F1EADBFBEC4EDAA2A25BF5F9 /* Pods_LearnRxSwiftApp.framework in Frameworks */ = {isa = PBXBuildFile; fileRef = 10645D425066283EF3C43362 /* Pods_LearnRxSwiftApp.framework */; };
/* End PBXBuildFile section */

/* Begin PBXContainerItemProxy section */
		8C1004CF28368AE8005B595E /* PBXContainerItemProxy */ = {
			isa = PBXContainerItemProxy;
			containerPortal = 8C1004AD28368AE6005B595E /* Project object */;
			proxyType = 1;
			remoteGlobalIDString = 8C1004B428368AE6005B595E;
			remoteInfo = LearnRxSwiftApp;
		};
		8C1004D928368AE8005B595E /* PBXContainerItemProxy */ = {
			isa = PBXContainerItemProxy;
			containerPortal = 8C1004AD28368AE6005B595E /* Project object */;
			proxyType = 1;
			remoteGlobalIDString = 8C1004B428368AE6005B595E;
			remoteInfo = LearnRxSwiftApp;
		};
/* End PBXContainerItemProxy section */

/* Begin PBXFileReference section */
		0462C9920B28FBAE836E44A6 /* Pods-LearnRxSwiftAppTests.debug.xcconfig */ = {isa = PBXFileReference; includeInIndex = 1; lastKnownFileType = text.xcconfig; name = "Pods-LearnRxSwiftAppTests.debug.xcconfig"; path = "Target Support Files/Pods-LearnRxSwiftAppTests/Pods-LearnRxSwiftAppTests.debug.xcconfig"; sourceTree = "<group>"; };
		10645D425066283EF3C43362 /* Pods_LearnRxSwiftApp.framework */ = {isa = PBXFileReference; explicitFileType = wrapper.framework; includeInIndex = 0; path = Pods_LearnRxSwiftApp.framework; sourceTree = BUILT_PRODUCTS_DIR; };
		1902DBC2047590578FE4DB2F /* Pods-LearnRxSwiftApp-LearnRxSwiftAppUITests.debug.xcconfig */ = {isa = PBXFileReference; includeInIndex = 1; lastKnownFileType = text.xcconfig; name = "Pods-LearnRxSwiftApp-LearnRxSwiftAppUITests.debug.xcconfig"; path = "Target Support Files/Pods-LearnRxSwiftApp-LearnRxSwiftAppUITests/Pods-LearnRxSwiftApp-LearnRxSwiftAppUITests.debug.xcconfig"; sourceTree = "<group>"; };
		757DF6F9CA32DA00A29789CB /* Pods-LearnRxSwiftAppTests.release.xcconfig */ = {isa = PBXFileReference; includeInIndex = 1; lastKnownFileType = text.xcconfig; name = "Pods-LearnRxSwiftAppTests.release.xcconfig"; path = "Target Support Files/Pods-LearnRxSwiftAppTests/Pods-LearnRxSwiftAppTests.release.xcconfig"; sourceTree = "<group>"; };
		8322EC9BD9A8F6613840BD9B /* Pods_LearnRxSwiftAppTests.framework */ = {isa = PBXFileReference; explicitFileType = wrapper.framework; includeInIndex = 0; path = Pods_LearnRxSwiftAppTests.framework; sourceTree = BUILT_PRODUCTS_DIR; };
		8C1004B528368AE6005B595E /* LearnRxSwiftApp.app */ = {isa = PBXFileReference; explicitFileType = wrapper.application; includeInIndex = 0; path = LearnRxSwiftApp.app; sourceTree = BUILT_PRODUCTS_DIR; };
		8C1004B828368AE6005B595E /* AppDelegate.swift */ = {isa = PBXFileReference; lastKnownFileType = sourcecode.swift; path = AppDelegate.swift; sourceTree = "<group>"; };
		8C1004BA28368AE6005B595E /* SceneDelegate.swift */ = {isa = PBXFileReference; lastKnownFileType = sourcecode.swift; path = SceneDelegate.swift; sourceTree = "<group>"; };
		8C1004BC28368AE6005B595E /* ViewController.swift */ = {isa = PBXFileReference; lastKnownFileType = sourcecode.swift; path = ViewController.swift; sourceTree = "<group>"; };
		8C1004BF28368AE6005B595E /* Base */ = {isa = PBXFileReference; lastKnownFileType = file.storyboard; name = Base; path = Base.lproj/Main.storyboard; sourceTree = "<group>"; };
		8C1004C228368AE6005B595E /* LearnRxSwiftApp.xcdatamodel */ = {isa = PBXFileReference; lastKnownFileType = wrapper.xcdatamodel; path = LearnRxSwiftApp.xcdatamodel; sourceTree = "<group>"; };
		8C1004C428368AE8005B595E /* Assets.xcassets */ = {isa = PBXFileReference; lastKnownFileType = folder.assetcatalog; path = Assets.xcassets; sourceTree = "<group>"; };
		8C1004C728368AE8005B595E /* Base */ = {isa = PBXFileReference; lastKnownFileType = file.storyboard; name = Base; path = Base.lproj/LaunchScreen.storyboard; sourceTree = "<group>"; };
		8C1004C928368AE8005B595E /* Info.plist */ = {isa = PBXFileReference; lastKnownFileType = text.plist.xml; path = Info.plist; sourceTree = "<group>"; };
		8C1004CE28368AE8005B595E /* LearnRxSwiftAppTests.xctest */ = {isa = PBXFileReference; explicitFileType = wrapper.cfbundle; includeInIndex = 0; path = LearnRxSwiftAppTests.xctest; sourceTree = BUILT_PRODUCTS_DIR; };
		8C1004D228368AE8005B595E /* LearnRxSwiftAppTests.swift */ = {isa = PBXFileReference; lastKnownFileType = sourcecode.swift; path = LearnRxSwiftAppTests.swift; sourceTree = "<group>"; };
		8C1004D828368AE8005B595E /* LearnRxSwiftAppUITests.xctest */ = {isa = PBXFileReference; explicitFileType = wrapper.cfbundle; includeInIndex = 0; path = LearnRxSwiftAppUITests.xctest; sourceTree = BUILT_PRODUCTS_DIR; };
		8C1004DC28368AE8005B595E /* LearnRxSwiftAppUITests.swift */ = {isa = PBXFileReference; lastKnownFileType = sourcecode.swift; path = LearnRxSwiftAppUITests.swift; sourceTree = "<group>"; };
		8C1004DE28368AE8005B595E /* LearnRxSwiftAppUITestsLaunchTests.swift */ = {isa = PBXFileReference; lastKnownFileType = sourcecode.swift; path = LearnRxSwiftAppUITestsLaunchTests.swift; sourceTree = "<group>"; };
		94609CC37721649C128BA648 /* Pods_LearnRxSwiftApp_LearnRxSwiftAppUITests.framework */ = {isa = PBXFileReference; explicitFileType = wrapper.framework; includeInIndex = 0; path = Pods_LearnRxSwiftApp_LearnRxSwiftAppUITests.framework; sourceTree = BUILT_PRODUCTS_DIR; };
		A4D800AE0864B18D4560B068 /* Pods-LearnRxSwiftApp-LearnRxSwiftAppUITests.release.xcconfig */ = {isa = PBXFileReference; includeInIndex = 1; lastKnownFileType = text.xcconfig; name = "Pods-LearnRxSwiftApp-LearnRxSwiftAppUITests.release.xcconfig"; path = "Target Support Files/Pods-LearnRxSwiftApp-LearnRxSwiftAppUITests/Pods-LearnRxSwiftApp-LearnRxSwiftAppUITests.release.xcconfig"; sourceTree = "<group>"; };
		B1696A65AC1D0013D423623A /* Pods-LearnRxSwiftApp.debug.xcconfig */ = {isa = PBXFileReference; includeInIndex = 1; lastKnownFileType = text.xcconfig; name = "Pods-LearnRxSwiftApp.debug.xcconfig"; path = "Target Support Files/Pods-LearnRxSwiftApp/Pods-LearnRxSwiftApp.debug.xcconfig"; sourceTree = "<group>"; };
		F4049467A08226FE9ECE07A7 /* Pods-LearnRxSwiftApp.release.xcconfig */ = {isa = PBXFileReference; includeInIndex = 1; lastKnownFileType = text.xcconfig; name = "Pods-LearnRxSwiftApp.release.xcconfig"; path = "Target Support Files/Pods-LearnRxSwiftApp/Pods-LearnRxSwiftApp.release.xcconfig"; sourceTree = "<group>"; };
/* End PBXFileReference section */

/* Begin PBXFrameworksBuildPhase section */
		8C1004B228368AE6005B595E /* Frameworks */ = {
			isa = PBXFrameworksBuildPhase;
			buildActionMask = 2147483647;
			files = (
				F1EADBFBEC4EDAA2A25BF5F9 /* Pods_LearnRxSwiftApp.framework in Frameworks */,
			);
			runOnlyForDeploymentPostprocessing = 0;
		};
		8C1004CB28368AE8005B595E /* Frameworks */ = {
			isa = PBXFrameworksBuildPhase;
			buildActionMask = 2147483647;
			files = (
				651E943D7C6E9C1497CBB32A /* Pods_LearnRxSwiftAppTests.framework in Frameworks */,
			);
			runOnlyForDeploymentPostprocessing = 0;
		};
		8C1004D528368AE8005B595E /* Frameworks */ = {
			isa = PBXFrameworksBuildPhase;
			buildActionMask = 2147483647;
			files = (
				8601F3D5332FCD3A490DAC08 /* Pods_LearnRxSwiftApp_LearnRxSwiftAppUITests.framework in Frameworks */,
			);
			runOnlyForDeploymentPostprocessing = 0;
		};
/* End PBXFrameworksBuildPhase section */

/* Begin PBXGroup section */
		571BCDEA8FF416906D0C8BE3 /* Frameworks */ = {
			isa = PBXGroup;
			children = (
				10645D425066283EF3C43362 /* Pods_LearnRxSwiftApp.framework */,
				94609CC37721649C128BA648 /* Pods_LearnRxSwiftApp_LearnRxSwiftAppUITests.framework */,
				8322EC9BD9A8F6613840BD9B /* Pods_LearnRxSwiftAppTests.framework */,
			);
			name = Frameworks;
			sourceTree = "<group>";
		};
		8C1004AC28368AE6005B595E = {
			isa = PBXGroup;
			children = (
				8C1004B728368AE6005B595E /* LearnRxSwiftApp */,
				8C1004D128368AE8005B595E /* LearnRxSwiftAppTests */,
				8C1004DB28368AE8005B595E /* LearnRxSwiftAppUITests */,
				8C1004B628368AE6005B595E /* Products */,
				E9D9434B578E1416C294FC80 /* Pods */,
				571BCDEA8FF416906D0C8BE3 /* Frameworks */,
			);
			sourceTree = "<group>";
		};
		8C1004B628368AE6005B595E /* Products */ = {
			isa = PBXGroup;
			children = (
				8C1004B528368AE6005B595E /* LearnRxSwiftApp.app */,
				8C1004CE28368AE8005B595E /* LearnRxSwiftAppTests.xctest */,
				8C1004D828368AE8005B595E /* LearnRxSwiftAppUITests.xctest */,
			);
			name = Products;
			sourceTree = "<group>";
		};
		8C1004B728368AE6005B595E /* LearnRxSwiftApp */ = {
			isa = PBXGroup;
			children = (
				8C1004B828368AE6005B595E /* AppDelegate.swift */,
				8C1004BA28368AE6005B595E /* SceneDelegate.swift */,
				8C1004BC28368AE6005B595E /* ViewController.swift */,
				8C1004BE28368AE6005B595E /* Main.storyboard */,
				8C1004C428368AE8005B595E /* Assets.xcassets */,
				8C1004C628368AE8005B595E /* LaunchScreen.storyboard */,
				8C1004C928368AE8005B595E /* Info.plist */,
				8C1004C128368AE6005B595E /* LearnRxSwiftApp.xcdatamodeld */,
			);
			path = LearnRxSwiftApp;
			sourceTree = "<group>";
		};
		8C1004D128368AE8005B595E /* LearnRxSwiftAppTests */ = {
			isa = PBXGroup;
			children = (
				8C1004D228368AE8005B595E /* LearnRxSwiftAppTests.swift */,
			);
			path = LearnRxSwiftAppTests;
			sourceTree = "<group>";
		};
		8C1004DB28368AE8005B595E /* LearnRxSwiftAppUITests */ = {
			isa = PBXGroup;
			children = (
				8C1004DC28368AE8005B595E /* LearnRxSwiftAppUITests.swift */,
				8C1004DE28368AE8005B595E /* LearnRxSwiftAppUITestsLaunchTests.swift */,
			);
			path = LearnRxSwiftAppUITests;
			sourceTree = "<group>";
		};
		E9D9434B578E1416C294FC80 /* Pods */ = {
			isa = PBXGroup;
			children = (
				B1696A65AC1D0013D423623A /* Pods-LearnRxSwiftApp.debug.xcconfig */,
				F4049467A08226FE9ECE07A7 /* Pods-LearnRxSwiftApp.release.xcconfig */,
				1902DBC2047590578FE4DB2F /* Pods-LearnRxSwiftApp-LearnRxSwiftAppUITests.debug.xcconfig */,
				A4D800AE0864B18D4560B068 /* Pods-LearnRxSwiftApp-LearnRxSwiftAppUITests.release.xcconfig */,
				0462C9920B28FBAE836E44A6 /* Pods-LearnRxSwiftAppTests.debug.xcconfig */,
				757DF6F9CA32DA00A29789CB /* Pods-LearnRxSwiftAppTests.release.xcconfig */,
			);
			name = Pods;
			path = Pods;
			sourceTree = "<group>";
		};
/* End PBXGroup section */

/* Begin PBXNativeTarget section */
		8C1004B428368AE6005B595E /* LearnRxSwiftApp */ = {
			isa = PBXNativeTarget;
			buildConfigurationList = 8C1004E228368AE8005B595E /* Build configuration list for PBXNativeTarget "LearnRxSwiftApp" */;
			buildPhases = (
				ABFFF33F1867BCCA356912CB /* [CP] Check Pods Manifest.lock */,
				8C1004B128368AE6005B595E /* Sources */,
				8C1004B228368AE6005B595E /* Frameworks */,
				8C1004B328368AE6005B595E /* Resources */,
				8F9B84F65A5A778AB74FD320 /* [CP] Embed Pods Frameworks */,
			);
			buildRules = (
			);
			dependencies = (
			);
			name = LearnRxSwiftApp;
			productName = LearnRxSwiftApp;
			productReference = 8C1004B528368AE6005B595E /* LearnRxSwiftApp.app */;
			productType = "com.apple.product-type.application";
		};
		8C1004CD28368AE8005B595E /* LearnRxSwiftAppTests */ = {
			isa = PBXNativeTarget;
			buildConfigurationList = 8C1004E528368AE8005B595E /* Build configuration list for PBXNativeTarget "LearnRxSwiftAppTests" */;
			buildPhases = (
				AD4B7C8812BB761D6D63C437 /* [CP] Check Pods Manifest.lock */,
				8C1004CA28368AE8005B595E /* Sources */,
				8C1004CB28368AE8005B595E /* Frameworks */,
				8C1004CC28368AE8005B595E /* Resources */,
			);
			buildRules = (
			);
			dependencies = (
				8C1004D028368AE8005B595E /* PBXTargetDependency */,
			);
			name = LearnRxSwiftAppTests;
			productName = LearnRxSwiftAppTests;
			productReference = 8C1004CE28368AE8005B595E /* LearnRxSwiftAppTests.xctest */;
			productType = "com.apple.product-type.bundle.unit-test";
		};
		8C1004D728368AE8005B595E /* LearnRxSwiftAppUITests */ = {
			isa = PBXNativeTarget;
			buildConfigurationList = 8C1004E828368AE8005B595E /* Build configuration list for PBXNativeTarget "LearnRxSwiftAppUITests" */;
			buildPhases = (
				7CEA36A5632CD0A5706F1111 /* [CP] Check Pods Manifest.lock */,
				8C1004D428368AE8005B595E /* Sources */,
				8C1004D528368AE8005B595E /* Frameworks */,
				8C1004D628368AE8005B595E /* Resources */,
				06EB1DF501DF49299775B482 /* [CP] Embed Pods Frameworks */,
			);
			buildRules = (
			);
			dependencies = (
				8C1004DA28368AE8005B595E /* PBXTargetDependency */,
			);
			name = LearnRxSwiftAppUITests;
			productName = LearnRxSwiftAppUITests;
			productReference = 8C1004D828368AE8005B595E /* LearnRxSwiftAppUITests.xctest */;
			productType = "com.apple.product-type.bundle.ui-testing";
		};
/* End PBXNativeTarget section */

/* Begin PBXProject section */
		8C1004AD28368AE6005B595E /* Project object */ = {
			isa = PBXProject;
			attributes = {
				BuildIndependentTargetsInParallel = 1;
				LastSwiftUpdateCheck = 1330;
				LastUpgradeCheck = 1330;
				TargetAttributes = {
					8C1004B428368AE6005B595E = {
						CreatedOnToolsVersion = 13.3.1;
					};
					8C1004CD28368AE8005B595E = {
						CreatedOnToolsVersion = 13.3.1;
						TestTargetID = 8C1004B428368AE6005B595E;
					};
					8C1004D728368AE8005B595E = {
						CreatedOnToolsVersion = 13.3.1;
						TestTargetID = 8C1004B428368AE6005B595E;
					};
				};
			};
			buildConfigurationList = 8C1004B028368AE6005B595E /* Build configuration list for PBXProject "LearnRxSwiftApp" */;
			compatibilityVersion = "Xcode 13.0";
			developmentRegion = en;
			hasScannedForEncodings = 0;
			knownRegions = (
				en,
				Base,
			);
			mainGroup = 8C1004AC28368AE6005B595E;
			productRefGroup = 8C1004B628368AE6005B595E /* Products */;
			projectDirPath = "";
			projectRoot = "";
			targets = (
				8C1004B428368AE6005B595E /* LearnRxSwiftApp */,
				8C1004CD28368AE8005B595E /* LearnRxSwiftAppTests */,
				8C1004D728368AE8005B595E /* LearnRxSwiftAppUITests */,
			);
		};
/* End PBXProject section */

/* Begin PBXResourcesBuildPhase section */
		8C1004B328368AE6005B595E /* Resources */ = {
			isa = PBXResourcesBuildPhase;
			buildActionMask = 2147483647;
			files = (
				8C1004C828368AE8005B595E /* LaunchScreen.storyboard in Resources */,
				8C1004C528368AE8005B595E /* Assets.xcassets in Resources */,
				8C1004C028368AE6005B595E /* Main.storyboard in Resources */,
			);
			runOnlyForDeploymentPostprocessing = 0;
		};
		8C1004CC28368AE8005B595E /* Resources */ = {
			isa = PBXResourcesBuildPhase;
			buildActionMask = 2147483647;
			files = (
			);
			runOnlyForDeploymentPostprocessing = 0;
		};
		8C1004D628368AE8005B595E /* Resources */ = {
			isa = PBXResourcesBuildPhase;
			buildActionMask = 2147483647;
			files = (
			);
			runOnlyForDeploymentPostprocessing = 0;
		};
/* End PBXResourcesBuildPhase section */

/* Begin PBXShellScriptBuildPhase section */
		06EB1DF501DF49299775B482 /* [CP] Embed Pods Frameworks */ = {
			isa = PBXShellScriptBuildPhase;
			buildActionMask = 2147483647;
			files = (
			);
			inputFileListPaths = (
				"${PODS_ROOT}/Target Support Files/Pods-LearnRxSwiftApp-LearnRxSwiftAppUITests/Pods-LearnRxSwiftApp-LearnRxSwiftAppUITests-frameworks-${CONFIGURATION}-input-files.xcfilelist",
			);
			name = "[CP] Embed Pods Frameworks";
			outputFileListPaths = (
				"${PODS_ROOT}/Target Support Files/Pods-LearnRxSwiftApp-LearnRxSwiftAppUITests/Pods-LearnRxSwiftApp-LearnRxSwiftAppUITests-frameworks-${CONFIGURATION}-output-files.xcfilelist",
			);
			runOnlyForDeploymentPostprocessing = 0;
			shellPath = /bin/sh;
			shellScript = "\"${PODS_ROOT}/Target Support Files/Pods-LearnRxSwiftApp-LearnRxSwiftAppUITests/Pods-LearnRxSwiftApp-LearnRxSwiftAppUITests-frameworks.sh\"\n";
			showEnvVarsInLog = 0;
		};
		7CEA36A5632CD0A5706F1111 /* [CP] Check Pods Manifest.lock */ = {
			isa = PBXShellScriptBuildPhase;
			buildActionMask = 2147483647;
			files = (
			);
			inputFileListPaths = (
			);
			inputPaths = (
				"${PODS_PODFILE_DIR_PATH}/Podfile.lock",
				"${PODS_ROOT}/Manifest.lock",
			);
			name = "[CP] Check Pods Manifest.lock";
			outputFileListPaths = (
			);
			outputPaths = (
				"$(DERIVED_FILE_DIR)/Pods-LearnRxSwiftApp-LearnRxSwiftAppUITests-checkManifestLockResult.txt",
			);
			runOnlyForDeploymentPostprocessing = 0;
			shellPath = /bin/sh;
			shellScript = "diff \"${PODS_PODFILE_DIR_PATH}/Podfile.lock\" \"${PODS_ROOT}/Manifest.lock\" > /dev/null\nif [ $? != 0 ] ; then\n    # print error to STDERR\n    echo \"error: The sandbox is not in sync with the Podfile.lock. Run 'pod install' or update your CocoaPods installation.\" >&2\n    exit 1\nfi\n# This output is used by Xcode 'outputs' to avoid re-running this script phase.\necho \"SUCCESS\" > \"${SCRIPT_OUTPUT_FILE_0}\"\n";
			showEnvVarsInLog = 0;
		};
		8F9B84F65A5A778AB74FD320 /* [CP] Embed Pods Frameworks */ = {
			isa = PBXShellScriptBuildPhase;
			buildActionMask = 2147483647;
			files = (
			);
			inputFileListPaths = (
				"${PODS_ROOT}/Target Support Files/Pods-LearnRxSwiftApp/Pods-LearnRxSwiftApp-frameworks-${CONFIGURATION}-input-files.xcfilelist",
			);
			name = "[CP] Embed Pods Frameworks";
			outputFileListPaths = (
				"${PODS_ROOT}/Target Support Files/Pods-LearnRxSwiftApp/Pods-LearnRxSwiftApp-frameworks-${CONFIGURATION}-output-files.xcfilelist",
			);
			runOnlyForDeploymentPostprocessing = 0;
			shellPath = /bin/sh;
			shellScript = "\"${PODS_ROOT}/Target Support Files/Pods-LearnRxSwiftApp/Pods-LearnRxSwiftApp-frameworks.sh\"\n";
			showEnvVarsInLog = 0;
		};
		ABFFF33F1867BCCA356912CB /* [CP] Check Pods Manifest.lock */ = {
			isa = PBXShellScriptBuildPhase;
			buildActionMask = 2147483647;
			files = (
			);
			inputFileListPaths = (
			);
			inputPaths = (
				"${PODS_PODFILE_DIR_PATH}/Podfile.lock",
				"${PODS_ROOT}/Manifest.lock",
			);
			name = "[CP] Check Pods Manifest.lock";
			outputFileListPaths = (
			);
			outputPaths = (
				"$(DERIVED_FILE_DIR)/Pods-LearnRxSwiftApp-checkManifestLockResult.txt",
			);
			runOnlyForDeploymentPostprocessing = 0;
			shellPath = /bin/sh;
			shellScript = "diff \"${PODS_PODFILE_DIR_PATH}/Podfile.lock\" \"${PODS_ROOT}/Manifest.lock\" > /dev/null\nif [ $? != 0 ] ; then\n    # print error to STDERR\n    echo \"error: The sandbox is not in sync with the Podfile.lock. Run 'pod install' or update your CocoaPods installation.\" >&2\n    exit 1\nfi\n# This output is used by Xcode 'outputs' to avoid re-running this script phase.\necho \"SUCCESS\" > \"${SCRIPT_OUTPUT_FILE_0}\"\n";
			showEnvVarsInLog = 0;
		};
		AD4B7C8812BB761D6D63C437 /* [CP] Check Pods Manifest.lock */ = {
			isa = PBXShellScriptBuildPhase;
			buildActionMask = 2147483647;
			files = (
			);
			inputFileListPaths = (
			);
			inputPaths = (
				"${PODS_PODFILE_DIR_PATH}/Podfile.lock",
				"${PODS_ROOT}/Manifest.lock",
			);
			name = "[CP] Check Pods Manifest.lock";
			outputFileListPaths = (
			);
			outputPaths = (
				"$(DERIVED_FILE_DIR)/Pods-LearnRxSwiftAppTests-checkManifestLockResult.txt",
			);
			runOnlyForDeploymentPostprocessing = 0;
			shellPath = /bin/sh;
			shellScript = "diff \"${PODS_PODFILE_DIR_PATH}/Podfile.lock\" \"${PODS_ROOT}/Manifest.lock\" > /dev/null\nif [ $? != 0 ] ; then\n    # print error to STDERR\n    echo \"error: The sandbox is not in sync with the Podfile.lock. Run 'pod install' or update your CocoaPods installation.\" >&2\n    exit 1\nfi\n# This output is used by Xcode 'outputs' to avoid re-running this script phase.\necho \"SUCCESS\" > \"${SCRIPT_OUTPUT_FILE_0}\"\n";
			showEnvVarsInLog = 0;
		};
/* End PBXShellScriptBuildPhase section */

/* Begin PBXSourcesBuildPhase section */
		8C1004B128368AE6005B595E /* Sources */ = {
			isa = PBXSourcesBuildPhase;
			buildActionMask = 2147483647;
			files = (
				8C1004BD28368AE6005B595E /* ViewController.swift in Sources */,
				8C1004B928368AE6005B595E /* AppDelegate.swift in Sources */,
				8C1004C328368AE6005B595E /* LearnRxSwiftApp.xcdatamodeld in Sources */,
				8C1004BB28368AE6005B595E /* SceneDelegate.swift in Sources */,
			);
			runOnlyForDeploymentPostprocessing = 0;
		};
		8C1004CA28368AE8005B595E /* Sources */ = {
			isa = PBXSourcesBuildPhase;
			buildActionMask = 2147483647;
			files = (
				8C1004D328368AE8005B595E /* LearnRxSwiftAppTests.swift in Sources */,
			);
			runOnlyForDeploymentPostprocessing = 0;
		};
		8C1004D428368AE8005B595E /* Sources */ = {
			isa = PBXSourcesBuildPhase;
			buildActionMask = 2147483647;
			files = (
				8C1004DD28368AE8005B595E /* LearnRxSwiftAppUITests.swift in Sources */,
				8C1004DF28368AE8005B595E /* LearnRxSwiftAppUITestsLaunchTests.swift in Sources */,
			);
			runOnlyForDeploymentPostprocessing = 0;
		};
/* End PBXSourcesBuildPhase section */

/* Begin PBXTargetDependency section */
		8C1004D028368AE8005B595E /* PBXTargetDependency */ = {
			isa = PBXTargetDependency;
			target = 8C1004B428368AE6005B595E /* LearnRxSwiftApp */;
			targetProxy = 8C1004CF28368AE8005B595E /* PBXContainerItemProxy */;
		};
		8C1004DA28368AE8005B595E /* PBXTargetDependency */ = {
			isa = PBXTargetDependency;
			target = 8C1004B428368AE6005B595E /* LearnRxSwiftApp */;
			targetProxy = 8C1004D928368AE8005B595E /* PBXContainerItemProxy */;
		};
/* End PBXTargetDependency section */

/* Begin PBXVariantGroup section */
		8C1004BE28368AE6005B595E /* Main.storyboard */ = {
			isa = PBXVariantGroup;
			children = (
				8C1004BF28368AE6005B595E /* Base */,
			);
			name = Main.storyboard;
			sourceTree = "<group>";
		};
		8C1004C628368AE8005B595E /* LaunchScreen.storyboard */ = {
			isa = PBXVariantGroup;
			children = (
				8C1004C728368AE8005B595E /* Base */,
			);
			name = LaunchScreen.storyboard;
			sourceTree = "<group>";
		};
/* End PBXVariantGroup section */

/* Begin XCBuildConfiguration section */
		8C1004E028368AE8005B595E /* Debug */ = {
			isa = XCBuildConfiguration;
			buildSettings = {
				ALWAYS_SEARCH_USER_PATHS = NO;
				CLANG_ANALYZER_NONNULL = YES;
				CLANG_ANALYZER_NUMBER_OBJECT_CONVERSION = YES_AGGRESSIVE;
				CLANG_CXX_LANGUAGE_STANDARD = "gnu++17";
				CLANG_ENABLE_MODULES = YES;
				CLANG_ENABLE_OBJC_ARC = YES;
				CLANG_ENABLE_OBJC_WEAK = YES;
				CLANG_WARN_BLOCK_CAPTURE_AUTORELEASING = YES;
				CLANG_WARN_BOOL_CONVERSION = YES;
				CLANG_WARN_COMMA = YES;
				CLANG_WARN_CONSTANT_CONVERSION = YES;
				CLANG_WARN_DEPRECATED_OBJC_IMPLEMENTATIONS = YES;
				CLANG_WARN_DIRECT_OBJC_ISA_USAGE = YES_ERROR;
				CLANG_WARN_DOCUMENTATION_COMMENTS = YES;
				CLANG_WARN_EMPTY_BODY = YES;
				CLANG_WARN_ENUM_CONVERSION = YES;
				CLANG_WARN_INFINITE_RECURSION = YES;
				CLANG_WARN_INT_CONVERSION = YES;
				CLANG_WARN_NON_LITERAL_NULL_CONVERSION = YES;
				CLANG_WARN_OBJC_IMPLICIT_RETAIN_SELF = YES;
				CLANG_WARN_OBJC_LITERAL_CONVERSION = YES;
				CLANG_WARN_OBJC_ROOT_CLASS = YES_ERROR;
				CLANG_WARN_QUOTED_INCLUDE_IN_FRAMEWORK_HEADER = YES;
				CLANG_WARN_RANGE_LOOP_ANALYSIS = YES;
				CLANG_WARN_STRICT_PROTOTYPES = YES;
				CLANG_WARN_SUSPICIOUS_MOVE = YES;
				CLANG_WARN_UNGUARDED_AVAILABILITY = YES_AGGRESSIVE;
				CLANG_WARN_UNREACHABLE_CODE = YES;
				CLANG_WARN__DUPLICATE_METHOD_MATCH = YES;
				COPY_PHASE_STRIP = NO;
				DEBUG_INFORMATION_FORMAT = dwarf;
				ENABLE_STRICT_OBJC_MSGSEND = YES;
				ENABLE_TESTABILITY = YES;
				GCC_C_LANGUAGE_STANDARD = gnu11;
				GCC_DYNAMIC_NO_PIC = NO;
				GCC_NO_COMMON_BLOCKS = YES;
				GCC_OPTIMIZATION_LEVEL = 0;
				GCC_PREPROCESSOR_DEFINITIONS = (
					"DEBUG=1",
					"$(inherited)",
				);
				GCC_WARN_64_TO_32_BIT_CONVERSION = YES;
				GCC_WARN_ABOUT_RETURN_TYPE = YES_ERROR;
				GCC_WARN_UNDECLARED_SELECTOR = YES;
				GCC_WARN_UNINITIALIZED_AUTOS = YES_AGGRESSIVE;
				GCC_WARN_UNUSED_FUNCTION = YES;
				GCC_WARN_UNUSED_VARIABLE = YES;
				IPHONEOS_DEPLOYMENT_TARGET = 15.4;
				MTL_ENABLE_DEBUG_INFO = INCLUDE_SOURCE;
				MTL_FAST_MATH = YES;
				ONLY_ACTIVE_ARCH = YES;
				SDKROOT = iphoneos;
				SWIFT_ACTIVE_COMPILATION_CONDITIONS = DEBUG;
				SWIFT_OPTIMIZATION_LEVEL = "-Onone";
			};
			name = Debug;
		};
		8C1004E128368AE8005B595E /* Release */ = {
			isa = XCBuildConfiguration;
			buildSettings = {
				ALWAYS_SEARCH_USER_PATHS = NO;
				CLANG_ANALYZER_NONNULL = YES;
				CLANG_ANALYZER_NUMBER_OBJECT_CONVERSION = YES_AGGRESSIVE;
				CLANG_CXX_LANGUAGE_STANDARD = "gnu++17";
				CLANG_ENABLE_MODULES = YES;
				CLANG_ENABLE_OBJC_ARC = YES;
				CLANG_ENABLE_OBJC_WEAK = YES;
				CLANG_WARN_BLOCK_CAPTURE_AUTORELEASING = YES;
				CLANG_WARN_BOOL_CONVERSION = YES;
				CLANG_WARN_COMMA = YES;
				CLANG_WARN_CONSTANT_CONVERSION = YES;
				CLANG_WARN_DEPRECATED_OBJC_IMPLEMENTATIONS = YES;
				CLANG_WARN_DIRECT_OBJC_ISA_USAGE = YES_ERROR;
				CLANG_WARN_DOCUMENTATION_COMMENTS = YES;
				CLANG_WARN_EMPTY_BODY = YES;
				CLANG_WARN_ENUM_CONVERSION = YES;
				CLANG_WARN_INFINITE_RECURSION = YES;
				CLANG_WARN_INT_CONVERSION = YES;
				CLANG_WARN_NON_LITERAL_NULL_CONVERSION = YES;
				CLANG_WARN_OBJC_IMPLICIT_RETAIN_SELF = YES;
				CLANG_WARN_OBJC_LITERAL_CONVERSION = YES;
				CLANG_WARN_OBJC_ROOT_CLASS = YES_ERROR;
				CLANG_WARN_QUOTED_INCLUDE_IN_FRAMEWORK_HEADER = YES;
				CLANG_WARN_RANGE_LOOP_ANALYSIS = YES;
				CLANG_WARN_STRICT_PROTOTYPES = YES;
				CLANG_WARN_SUSPICIOUS_MOVE = YES;
				CLANG_WARN_UNGUARDED_AVAILABILITY = YES_AGGRESSIVE;
				CLANG_WARN_UNREACHABLE_CODE = YES;
				CLANG_WARN__DUPLICATE_METHOD_MATCH = YES;
				COPY_PHASE_STRIP = NO;
				DEBUG_INFORMATION_FORMAT = "dwarf-with-dsym";
				ENABLE_NS_ASSERTIONS = NO;
				ENABLE_STRICT_OBJC_MSGSEND = YES;
				GCC_C_LANGUAGE_STANDARD = gnu11;
				GCC_NO_COMMON_BLOCKS = YES;
				GCC_WARN_64_TO_32_BIT_CONVERSION = YES;
				GCC_WARN_ABOUT_RETURN_TYPE = YES_ERROR;
				GCC_WARN_UNDECLARED_SELECTOR = YES;
				GCC_WARN_UNINITIALIZED_AUTOS = YES_AGGRESSIVE;
				GCC_WARN_UNUSED_FUNCTION = YES;
				GCC_WARN_UNUSED_VARIABLE = YES;
				IPHONEOS_DEPLOYMENT_TARGET = 15.4;
				MTL_ENABLE_DEBUG_INFO = NO;
				MTL_FAST_MATH = YES;
				SDKROOT = iphoneos;
				SWIFT_COMPILATION_MODE = wholemodule;
				SWIFT_OPTIMIZATION_LEVEL = "-O";
				VALIDATE_PRODUCT = YES;
			};
			name = Release;
		};
		8C1004E328368AE8005B595E /* Debug */ = {
			isa = XCBuildConfiguration;
			baseConfigurationReference = B1696A65AC1D0013D423623A /* Pods-LearnRxSwiftApp.debug.xcconfig */;
			buildSettings = {
				ASSETCATALOG_COMPILER_APPICON_NAME = AppIcon;
				ASSETCATALOG_COMPILER_GLOBAL_ACCENT_COLOR_NAME = AccentColor;
				CODE_SIGN_STYLE = Automatic;
				CURRENT_PROJECT_VERSION = 1;
				DEVELOPMENT_TEAM = 4VA5NBL27P;
				GENERATE_INFOPLIST_FILE = YES;
				INFOPLIST_FILE = LearnRxSwiftApp/Info.plist;
				INFOPLIST_KEY_UIApplicationSupportsIndirectInputEvents = YES;
				INFOPLIST_KEY_UILaunchStoryboardName = LaunchScreen;
				INFOPLIST_KEY_UIMainStoryboardFile = Main;
				INFOPLIST_KEY_UISupportedInterfaceOrientations_iPad = "UIInterfaceOrientationPortrait UIInterfaceOrientationPortraitUpsideDown UIInterfaceOrientationLandscapeLeft UIInterfaceOrientationLandscapeRight";
				INFOPLIST_KEY_UISupportedInterfaceOrientations_iPhone = "UIInterfaceOrientationPortrait UIInterfaceOrientationLandscapeLeft UIInterfaceOrientationLandscapeRight";
				LD_RUNPATH_SEARCH_PATHS = (
					"$(inherited)",
					"@executable_path/Frameworks",
				);
				MARKETING_VERSION = 1.0;
				PRODUCT_BUNDLE_IDENTIFIER = com.gmail.tukareta.nori.LearnRxSwiftApp;
				PRODUCT_NAME = "$(TARGET_NAME)";
				SWIFT_EMIT_LOC_STRINGS = YES;
				SWIFT_VERSION = 5.0;
				TARGETED_DEVICE_FAMILY = "1,2";
			};
			name = Debug;
		};
		8C1004E428368AE8005B595E /* Release */ = {
			isa = XCBuildConfiguration;
			baseConfigurationReference = F4049467A08226FE9ECE07A7 /* Pods-LearnRxSwiftApp.release.xcconfig */;
			buildSettings = {
				ASSETCATALOG_COMPILER_APPICON_NAME = AppIcon;
				ASSETCATALOG_COMPILER_GLOBAL_ACCENT_COLOR_NAME = AccentColor;
				CODE_SIGN_STYLE = Automatic;
				CURRENT_PROJECT_VERSION = 1;
				DEVELOPMENT_TEAM = 4VA5NBL27P;
				GENERATE_INFOPLIST_FILE = YES;
				INFOPLIST_FILE = LearnRxSwiftApp/Info.plist;
				INFOPLIST_KEY_UIApplicationSupportsIndirectInputEvents = YES;
				INFOPLIST_KEY_UILaunchStoryboardName = LaunchScreen;
				INFOPLIST_KEY_UIMainStoryboardFile = Main;
				INFOPLIST_KEY_UISupportedInterfaceOrientations_iPad = "UIInterfaceOrientationPortrait UIInterfaceOrientationPortraitUpsideDown UIInterfaceOrientationLandscapeLeft UIInterfaceOrientationLandscapeRight";
				INFOPLIST_KEY_UISupportedInterfaceOrientations_iPhone = "UIInterfaceOrientationPortrait UIInterfaceOrientationLandscapeLeft UIInterfaceOrientationLandscapeRight";
				LD_RUNPATH_SEARCH_PATHS = (
					"$(inherited)",
					"@executable_path/Frameworks",
				);
				MARKETING_VERSION = 1.0;
				PRODUCT_BUNDLE_IDENTIFIER = com.gmail.tukareta.nori.LearnRxSwiftApp;
				PRODUCT_NAME = "$(TARGET_NAME)";
				SWIFT_EMIT_LOC_STRINGS = YES;
				SWIFT_VERSION = 5.0;
				TARGETED_DEVICE_FAMILY = "1,2";
			};
			name = Release;
		};
		8C1004E628368AE8005B595E /* Debug */ = {
			isa = XCBuildConfiguration;
			baseConfigurationReference = 0462C9920B28FBAE836E44A6 /* Pods-LearnRxSwiftAppTests.debug.xcconfig */;
			buildSettings = {
				ALWAYS_EMBED_SWIFT_STANDARD_LIBRARIES = YES;
				BUNDLE_LOADER = "$(TEST_HOST)";
				CODE_SIGN_STYLE = Automatic;
				CURRENT_PROJECT_VERSION = 1;
				DEVELOPMENT_TEAM = 4VA5NBL27P;
				GENERATE_INFOPLIST_FILE = YES;
				IPHONEOS_DEPLOYMENT_TARGET = 15.4;
				MARKETING_VERSION = 1.0;
				PRODUCT_BUNDLE_IDENTIFIER = com.gmail.tukareta.nori.LearnRxSwiftAppTests;
				PRODUCT_NAME = "$(TARGET_NAME)";
				SWIFT_EMIT_LOC_STRINGS = NO;
				SWIFT_VERSION = 5.0;
				TARGETED_DEVICE_FAMILY = "1,2";
				TEST_HOST = "$(BUILT_PRODUCTS_DIR)/LearnRxSwiftApp.app/LearnRxSwiftApp";
			};
			name = Debug;
		};
		8C1004E728368AE8005B595E /* Release */ = {
			isa = XCBuildConfiguration;
			baseConfigurationReference = 757DF6F9CA32DA00A29789CB /* Pods-LearnRxSwiftAppTests.release.xcconfig */;
			buildSettings = {
				ALWAYS_EMBED_SWIFT_STANDARD_LIBRARIES = YES;
				BUNDLE_LOADER = "$(TEST_HOST)";
				CODE_SIGN_STYLE = Automatic;
				CURRENT_PROJECT_VERSION = 1;
				DEVELOPMENT_TEAM = 4VA5NBL27P;
				GENERATE_INFOPLIST_FILE = YES;
				IPHONEOS_DEPLOYMENT_TARGET = 15.4;
				MARKETING_VERSION = 1.0;
				PRODUCT_BUNDLE_IDENTIFIER = com.gmail.tukareta.nori.LearnRxSwiftAppTests;
				PRODUCT_NAME = "$(TARGET_NAME)";
				SWIFT_EMIT_LOC_STRINGS = NO;
				SWIFT_VERSION = 5.0;
				TARGETED_DEVICE_FAMILY = "1,2";
				TEST_HOST = "$(BUILT_PRODUCTS_DIR)/LearnRxSwiftApp.app/LearnRxSwiftApp";
			};
			name = Release;
		};
		8C1004E928368AE8005B595E /* Debug */ = {
			isa = XCBuildConfiguration;
			baseConfigurationReference = 1902DBC2047590578FE4DB2F /* Pods-LearnRxSwiftApp-LearnRxSwiftAppUITests.debug.xcconfig */;
			buildSettings = {
				ALWAYS_EMBED_SWIFT_STANDARD_LIBRARIES = YES;
				CODE_SIGN_STYLE = Automatic;
				CURRENT_PROJECT_VERSION = 1;
				DEVELOPMENT_TEAM = 4VA5NBL27P;
				GENERATE_INFOPLIST_FILE = YES;
				MARKETING_VERSION = 1.0;
				PRODUCT_BUNDLE_IDENTIFIER = com.gmail.tukareta.nori.LearnRxSwiftAppUITests;
				PRODUCT_NAME = "$(TARGET_NAME)";
				SWIFT_EMIT_LOC_STRINGS = NO;
				SWIFT_VERSION = 5.0;
				TARGETED_DEVICE_FAMILY = "1,2";
				TEST_TARGET_NAME = LearnRxSwiftApp;
			};
			name = Debug;
		};
		8C1004EA28368AE8005B595E /* Release */ = {
			isa = XCBuildConfiguration;
			baseConfigurationReference = A4D800AE0864B18D4560B068 /* Pods-LearnRxSwiftApp-LearnRxSwiftAppUITests.release.xcconfig */;
			buildSettings = {
				ALWAYS_EMBED_SWIFT_STANDARD_LIBRARIES = YES;
				CODE_SIGN_STYLE = Automatic;
				CURRENT_PROJECT_VERSION = 1;
				DEVELOPMENT_TEAM = 4VA5NBL27P;
				GENERATE_INFOPLIST_FILE = YES;
				MARKETING_VERSION = 1.0;
				PRODUCT_BUNDLE_IDENTIFIER = com.gmail.tukareta.nori.LearnRxSwiftAppUITests;
				PRODUCT_NAME = "$(TARGET_NAME)";
				SWIFT_EMIT_LOC_STRINGS = NO;
				SWIFT_VERSION = 5.0;
				TARGETED_DEVICE_FAMILY = "1,2";
				TEST_TARGET_NAME = LearnRxSwiftApp;
			};
			name = Release;
		};
/* End XCBuildConfiguration section */

/* Begin XCConfigurationList section */
		8C1004B028368AE6005B595E /* Build configuration list for PBXProject "LearnRxSwiftApp" */ = {
			isa = XCConfigurationList;
			buildConfigurations = (
				8C1004E028368AE8005B595E /* Debug */,
				8C1004E128368AE8005B595E /* Release */,
			);
			defaultConfigurationIsVisible = 0;
			defaultConfigurationName = Release;
		};
		8C1004E228368AE8005B595E /* Build configuration list for PBXNativeTarget "LearnRxSwiftApp" */ = {
			isa = XCConfigurationList;
			buildConfigurations = (
				8C1004E328368AE8005B595E /* Debug */,
				8C1004E428368AE8005B595E /* Release */,
			);
			defaultConfigurationIsVisible = 0;
			defaultConfigurationName = Release;
		};
		8C1004E528368AE8005B595E /* Build configuration list for PBXNativeTarget "LearnRxSwiftAppTests" */ = {
			isa = XCConfigurationList;
			buildConfigurations = (
				8C1004E628368AE8005B595E /* Debug */,
				8C1004E728368AE8005B595E /* Release */,
			);
			defaultConfigurationIsVisible = 0;
			defaultConfigurationName = Release;
		};
		8C1004E828368AE8005B595E /* Build configuration list for PBXNativeTarget "LearnRxSwiftAppUITests" */ = {
			isa = XCConfigurationList;
			buildConfigurations = (
				8C1004E928368AE8005B595E /* Debug */,
				8C1004EA28368AE8005B595E /* Release */,
			);
			defaultConfigurationIsVisible = 0;
			defaultConfigurationName = Release;
		};
/* End XCConfigurationList section */

/* Begin XCVersionGroup section */
		8C1004C128368AE6005B595E /* LearnRxSwiftApp.xcdatamodeld */ = {
			isa = XCVersionGroup;
			children = (
				8C1004C228368AE6005B595E /* LearnRxSwiftApp.xcdatamodel */,
			);
			currentVersion = 8C1004C228368AE6005B595E /* LearnRxSwiftApp.xcdatamodel */;
			path = LearnRxSwiftApp.xcdatamodeld;
			sourceTree = "<group>";
			versionGroupType = wrapper.xcdatamodel;
		};
/* End XCVersionGroup section */
	};
	rootObject = 8C1004AD28368AE6005B595E /* Project object */;
}
